// !$*UTF8*$!
{
	archiveVersion = 1;
	classes = {
	};
	objectVersion = 50;
	objects = {

/* Begin PBXBuildFile section */
		0389747122DA02EA006F9797 /* AppDelegate.swift in Sources */ = {isa = PBXBuildFile; fileRef = 0389747022DA02EA006F9797 /* AppDelegate.swift */; };
		0389747322DA02EA006F9797 /* ViewController.swift in Sources */ = {isa = PBXBuildFile; fileRef = 0389747222DA02EA006F9797 /* ViewController.swift */; };
		0389747622DA02EA006F9797 /* Main.storyboard in Resources */ = {isa = PBXBuildFile; fileRef = 0389747422DA02EA006F9797 /* Main.storyboard */; };
		0389747822DA02EC006F9797 /* Assets.xcassets in Resources */ = {isa = PBXBuildFile; fileRef = 0389747722DA02EC006F9797 /* Assets.xcassets */; };
		0389747B22DA02EC006F9797 /* LaunchScreen.storyboard in Resources */ = {isa = PBXBuildFile; fileRef = 0389747922DA02EC006F9797 /* LaunchScreen.storyboard */; };
		0389748622DA02EC006F9797 /* firstAppTests.swift in Sources */ = {isa = PBXBuildFile; fileRef = 0389748522DA02EC006F9797 /* firstAppTests.swift */; };
		0389749122DA02EC006F9797 /* firstAppUITests.swift in Sources */ = {isa = PBXBuildFile; fileRef = 0389749022DA02EC006F9797 /* firstAppUITests.swift */; };
/* End PBXBuildFile section */

/* Begin PBXContainerItemProxy section */
		0389748222DA02EC006F9797 /* PBXContainerItemProxy */ = {
			isa = PBXContainerItemProxy;
			containerPortal = 0389746522DA02EA006F9797 /* Project object */;
			proxyType = 1;
			remoteGlobalIDString = 0389746C22DA02EA006F9797;
			remoteInfo = firstApp;
		};
		0389748D22DA02EC006F9797 /* PBXContainerItemProxy */ = {
			isa = PBXContainerItemProxy;
			containerPortal = 0389746522DA02EA006F9797 /* Project object */;
			proxyType = 1;
			remoteGlobalIDString = 0389746C22DA02EA006F9797;
			remoteInfo = firstApp;
		};
/* End PBXContainerItemProxy section */

/* Begin PBXFileReference section */
		0389746D22DA02EA006F9797 /* firstApp.app */ = {isa = PBXFileReference; explicitFileType = wrapper.application; includeInIndex = 0; path = firstApp.app; sourceTree = BUILT_PRODUCTS_DIR; };
		0389747022DA02EA006F9797 /* AppDelegate.swift */ = {isa = PBXFileReference; lastKnownFileType = sourcecode.swift; path = AppDelegate.swift; sourceTree = "<group>"; };
		0389747222DA02EA006F9797 /* ViewController.swift */ = {isa = PBXFileReference; lastKnownFileType = sourcecode.swift; path = ViewController.swift; sourceTree = "<group>"; };
		0389747522DA02EA006F9797 /* Base */ = {isa = PBXFileReference; lastKnownFileType = file.storyboard; name = Base; path = Base.lproj/Main.storyboard; sourceTree = "<group>"; };
		0389747722DA02EC006F9797 /* Assets.xcassets */ = {isa = PBXFileReference; lastKnownFileType = folder.assetcatalog; path = Assets.xcassets; sourceTree = "<group>"; };
		0389747A22DA02EC006F9797 /* Base */ = {isa = PBXFileReference; lastKnownFileType = file.storyboard; name = Base; path = Base.lproj/LaunchScreen.storyboard; sourceTree = "<group>"; };
		0389747C22DA02EC006F9797 /* Info.plist */ = {isa = PBXFileReference; lastKnownFileType = text.plist.xml; path = Info.plist; sourceTree = "<group>"; };
		0389748122DA02EC006F9797 /* firstAppTests.xctest */ = {isa = PBXFileReference; explicitFileType = wrapper.cfbundle; includeInIndex = 0; path = firstAppTests.xctest; sourceTree = BUILT_PRODUCTS_DIR; };
		0389748522DA02EC006F9797 /* firstAppTests.swift */ = {isa = PBXFileReference; lastKnownFileType = sourcecode.swift; path = firstAppTests.swift; sourceTree = "<group>"; };
		0389748722DA02EC006F9797 /* Info.plist */ = {isa = PBXFileReference; lastKnownFileType = text.plist.xml; path = Info.plist; sourceTree = "<group>"; };
		0389748C22DA02EC006F9797 /* firstAppUITests.xctest */ = {isa = PBXFileReference; explicitFileType = wrapper.cfbundle; includeInIndex = 0; path = firstAppUITests.xctest; sourceTree = BUILT_PRODUCTS_DIR; };
		0389749022DA02EC006F9797 /* firstAppUITests.swift */ = {isa = PBXFileReference; lastKnownFileType = sourcecode.swift; path = firstAppUITests.swift; sourceTree = "<group>"; };
		0389749222DA02EC006F9797 /* Info.plist */ = {isa = PBXFileReference; lastKnownFileType = text.plist.xml; path = Info.plist; sourceTree = "<group>"; };
/* End PBXFileReference section */

/* Begin PBXFrameworksBuildPhase section */
		0389746A22DA02EA006F9797 /* Frameworks */ = {
			isa = PBXFrameworksBuildPhase;
			buildActionMask = 2147483647;
			files = (
			);
			runOnlyForDeploymentPostprocessing = 0;
		};
		0389747E22DA02EC006F9797 /* Frameworks */ = {
			isa = PBXFrameworksBuildPhase;
			buildActionMask = 2147483647;
			files = (
			);
			runOnlyForDeploymentPostprocessing = 0;
		};
		0389748922DA02EC006F9797 /* Frameworks */ = {
			isa = PBXFrameworksBuildPhase;
			buildActionMask = 2147483647;
			files = (
			);
			runOnlyForDeploymentPostprocessing = 0;
		};
/* End PBXFrameworksBuildPhase section */

/* Begin PBXGroup section */
		0389746422DA02EA006F9797 = {
			isa = PBXGroup;
			children = (
				0389746F22DA02EA006F9797 /* firstApp */,
				0389748422DA02EC006F9797 /* firstAppTests */,
				0389748F22DA02EC006F9797 /* firstAppUITests */,
				0389746E22DA02EA006F9797 /* Products */,
			);
			sourceTree = "<group>";
		};
		0389746E22DA02EA006F9797 /* Products */ = {
			isa = PBXGroup;
			children = (
				0389746D22DA02EA006F9797 /* firstApp.app */,
				0389748122DA02EC006F9797 /* firstAppTests.xctest */,
				0389748C22DA02EC006F9797 /* firstAppUITests.xctest */,
			);
			name = Products;
			sourceTree = "<group>";
		};
		0389746F22DA02EA006F9797 /* firstApp */ = {
			isa = PBXGroup;
			children = (
				0389747022DA02EA006F9797 /* AppDelegate.swift */,
				0389747222DA02EA006F9797 /* ViewController.swift */,
				0389747422DA02EA006F9797 /* Main.storyboard */,
				0389747722DA02EC006F9797 /* Assets.xcassets */,
				0389747922DA02EC006F9797 /* LaunchScreen.storyboard */,
				0389747C22DA02EC006F9797 /* Info.plist */,
			);
			path = firstApp;
			sourceTree = "<group>";
		};
		0389748422DA02EC006F9797 /* firstAppTests */ = {
			isa = PBXGroup;
			children = (
				0389748522DA02EC006F9797 /* firstAppTests.swift */,
				0389748722DA02EC006F9797 /* Info.plist */,
			);
			path = firstAppTests;
			sourceTree = "<group>";
		};
		0389748F22DA02EC006F9797 /* firstAppUITests */ = {
			isa = PBXGroup;
			children = (
				0389749022DA02EC006F9797 /* firstAppUITests.swift */,
				0389749222DA02EC006F9797 /* Info.plist */,
			);
			path = firstAppUITests;
			sourceTree = "<group>";
		};
/* End PBXGroup section */

/* Begin PBXNativeTarget section */
		0389746C22DA02EA006F9797 /* firstApp */ = {
			isa = PBXNativeTarget;
			buildConfigurationList = 0389749522DA02EC006F9797 /* Build configuration list for PBXNativeTarget "firstApp" */;
			buildPhases = (
				0389746922DA02EA006F9797 /* Sources */,
				0389746A22DA02EA006F9797 /* Frameworks */,
				0389746B22DA02EA006F9797 /* Resources */,
			);
			buildRules = (
			);
			dependencies = (
			);
			name = firstApp;
			productName = firstApp;
			productReference = 0389746D22DA02EA006F9797 /* firstApp.app */;
			productType = "com.apple.product-type.application";
		};
		0389748022DA02EC006F9797 /* firstAppTests */ = {
			isa = PBXNativeTarget;
			buildConfigurationList = 0389749822DA02EC006F9797 /* Build configuration list for PBXNativeTarget "firstAppTests" */;
			buildPhases = (
				0389747D22DA02EC006F9797 /* Sources */,
				0389747E22DA02EC006F9797 /* Frameworks */,
				0389747F22DA02EC006F9797 /* Resources */,
			);
			buildRules = (
			);
			dependencies = (
				0389748322DA02EC006F9797 /* PBXTargetDependency */,
			);
			name = firstAppTests;
			productName = firstAppTests;
			productReference = 0389748122DA02EC006F9797 /* firstAppTests.xctest */;
			productType = "com.apple.product-type.bundle.unit-test";
		};
		0389748B22DA02EC006F9797 /* firstAppUITests */ = {
			isa = PBXNativeTarget;
			buildConfigurationList = 0389749B22DA02EC006F9797 /* Build configuration list for PBXNativeTarget "firstAppUITests" */;
			buildPhases = (
				0389748822DA02EC006F9797 /* Sources */,
				0389748922DA02EC006F9797 /* Frameworks */,
				0389748A22DA02EC006F9797 /* Resources */,
			);
			buildRules = (
			);
			dependencies = (
				0389748E22DA02EC006F9797 /* PBXTargetDependency */,
			);
			name = firstAppUITests;
			productName = firstAppUITests;
			productReference = 0389748C22DA02EC006F9797 /* firstAppUITests.xctest */;
			productType = "com.apple.product-type.bundle.ui-testing";
		};
/* End PBXNativeTarget section */

/* Begin PBXProject section */
		0389746522DA02EA006F9797 /* Project object */ = {
			isa = PBXProject;
			attributes = {
				LastSwiftUpdateCheck = 1020;
				LastUpgradeCheck = 1020;
				ORGANIZATIONNAME = "Gabriel Matshabe";
				TargetAttributes = {
					0389746C22DA02EA006F9797 = {
						CreatedOnToolsVersion = 10.2.1;
					};
					0389748022DA02EC006F9797 = {
						CreatedOnToolsVersion = 10.2.1;
						TestTargetID = 0389746C22DA02EA006F9797;
					};
					0389748B22DA02EC006F9797 = {
						CreatedOnToolsVersion = 10.2.1;
						TestTargetID = 0389746C22DA02EA006F9797;
					};
				};
			};
			buildConfigurationList = 0389746822DA02EA006F9797 /* Build configuration list for PBXProject "firstApp" */;
			compatibilityVersion = "Xcode 9.3";
			developmentRegion = en;
			hasScannedForEncodings = 0;
			knownRegions = (
				en,
				Base,
			);
			mainGroup = 0389746422DA02EA006F9797;
			productRefGroup = 0389746E22DA02EA006F9797 /* Products */;
			projectDirPath = "";
			projectRoot = "";
			targets = (
				0389746C22DA02EA006F9797 /* firstApp */,
				0389748022DA02EC006F9797 /* firstAppTests */,
				0389748B22DA02EC006F9797 /* firstAppUITests */,
			);
		};
/* End PBXProject section */

/* Begin PBXResourcesBuildPhase section */
		0389746B22DA02EA006F9797 /* Resources */ = {
			isa = PBXResourcesBuildPhase;
			buildActionMask = 2147483647;
			files = (
				0389747B22DA02EC006F9797 /* LaunchScreen.storyboard in Resources */,
				0389747822DA02EC006F9797 /* Assets.xcassets in Resources */,
				0389747622DA02EA006F9797 /* Main.storyboard in Resources */,
			);
			runOnlyForDeploymentPostprocessing = 0;
		};
		0389747F22DA02EC006F9797 /* Resources */ = {
			isa = PBXResourcesBuildPhase;
			buildActionMask = 2147483647;
			files = (
			);
			runOnlyForDeploymentPostprocessing = 0;
		};
		0389748A22DA02EC006F9797 /* Resources */ = {
			isa = PBXResourcesBuildPhase;
			buildActionMask = 2147483647;
			files = (
			);
			runOnlyForDeploymentPostprocessing = 0;
		};
/* End PBXResourcesBuildPhase section */

/* Begin PBXSourcesBuildPhase section */
		0389746922DA02EA006F9797 /* Sources */ = {
			isa = PBXSourcesBuildPhase;
			buildActionMask = 2147483647;
			files = (
				0389747322DA02EA006F9797 /* ViewController.swift in Sources */,
				0389747122DA02EA006F9797 /* AppDelegate.swift in Sources */,
			);
			runOnlyForDeploymentPostprocessing = 0;
		};
		0389747D22DA02EC006F9797 /* Sources */ = {
			isa = PBXSourcesBuildPhase;
			buildActionMask = 2147483647;
			files = (
				0389748622DA02EC006F9797 /* firstAppTests.swift in Sources */,
			);
			runOnlyForDeploymentPostprocessing = 0;
		};
		0389748822DA02EC006F9797 /* Sources */ = {
			isa = PBXSourcesBuildPhase;
			buildActionMask = 2147483647;
			files = (
				0389749122DA02EC006F9797 /* firstAppUITests.swift in Sources */,
			);
			runOnlyForDeploymentPostprocessing = 0;
		};
/* End PBXSourcesBuildPhase section */

/* Begin PBXTargetDependency section */
		0389748322DA02EC006F9797 /* PBXTargetDependency */ = {
			isa = PBXTargetDependency;
			target = 0389746C22DA02EA006F9797 /* firstApp */;
			targetProxy = 0389748222DA02EC006F9797 /* PBXContainerItemProxy */;
		};
		0389748E22DA02EC006F9797 /* PBXTargetDependency */ = {
			isa = PBXTargetDependency;
			target = 0389746C22DA02EA006F9797 /* firstApp */;
			targetProxy = 0389748D22DA02EC006F9797 /* PBXContainerItemProxy */;
		};
/* End PBXTargetDependency section */

/* Begin PBXVariantGroup section */
		0389747422DA02EA006F9797 /* Main.storyboard */ = {
			isa = PBXVariantGroup;
			children = (
				0389747522DA02EA006F9797 /* Base */,
			);
			name = Main.storyboard;
			sourceTree = "<group>";
		};
		0389747922DA02EC006F9797 /* LaunchScreen.storyboard */ = {
			isa = PBXVariantGroup;
			children = (
				0389747A22DA02EC006F9797 /* Base */,
			);
			name = LaunchScreen.storyboard;
			sourceTree = "<group>";
		};
/* End PBXVariantGroup section */

/* Begin XCBuildConfiguration section */
		0389749322DA02EC006F9797 /* Debug */ = {
			isa = XCBuildConfiguration;
			buildSettings = {
				ALWAYS_SEARCH_USER_PATHS = NO;
				CLANG_ANALYZER_NONNULL = YES;
				CLANG_ANALYZER_NUMBER_OBJECT_CONVERSION = YES_AGGRESSIVE;
				CLANG_CXX_LANGUAGE_STANDARD = "gnu++14";
				CLANG_CXX_LIBRARY = "libc++";
				CLANG_ENABLE_MODULES = YES;
				CLANG_ENABLE_OBJC_ARC = YES;
				CLANG_ENABLE_OBJC_WEAK = YES;
				CLANG_WARN_BLOCK_CAPTURE_AUTORELEASING = YES;
				CLANG_WARN_BOOL_CONVERSION = YES;
				CLANG_WARN_COMMA = YES;
				CLANG_WARN_CONSTANT_CONVERSION = YES;
				CLANG_WARN_DEPRECATED_OBJC_IMPLEMENTATIONS = YES;
				CLANG_WARN_DIRECT_OBJC_ISA_USAGE = YES_ERROR;
				CLANG_WARN_DOCUMENTATION_COMMENTS = YES;
				CLANG_WARN_EMPTY_BODY = YES;
				CLANG_WARN_ENUM_CONVERSION = YES;
				CLANG_WARN_INFINITE_RECURSION = YES;
				CLANG_WARN_INT_CONVERSION = YES;
				CLANG_WARN_NON_LITERAL_NULL_CONVERSION = YES;
				CLANG_WARN_OBJC_IMPLICIT_RETAIN_SELF = YES;
				CLANG_WARN_OBJC_LITERAL_CONVERSION = YES;
				CLANG_WARN_OBJC_ROOT_CLASS = YES_ERROR;
				CLANG_WARN_RANGE_LOOP_ANALYSIS = YES;
				CLANG_WARN_STRICT_PROTOTYPES = YES;
				CLANG_WARN_SUSPICIOUS_MOVE = YES;
				CLANG_WARN_UNGUARDED_AVAILABILITY = YES_AGGRESSIVE;
				CLANG_WARN_UNREACHABLE_CODE = YES;
				CLANG_WARN__DUPLICATE_METHOD_MATCH = YES;
				CODE_SIGN_IDENTITY = "iPhone Developer";
				COPY_PHASE_STRIP = NO;
				DEBUG_INFORMATION_FORMAT = dwarf;
				ENABLE_STRICT_OBJC_MSGSEND = YES;
				ENABLE_TESTABILITY = YES;
				GCC_C_LANGUAGE_STANDARD = gnu11;
				GCC_DYNAMIC_NO_PIC = NO;
				GCC_NO_COMMON_BLOCKS = YES;
				GCC_OPTIMIZATION_LEVEL = 0;
				GCC_PREPROCESSOR_DEFINITIONS = (
					"DEBUG=1",
					"$(inherited)",
				);
				GCC_WARN_64_TO_32_BIT_CONVERSION = YES;
				GCC_WARN_ABOUT_RETURN_TYPE = YES_ERROR;
				GCC_WARN_UNDECLARED_SELECTOR = YES;
				GCC_WARN_UNINITIALIZED_AUTOS = YES_AGGRESSIVE;
				GCC_WARN_UNUSED_FUNCTION = YES;
				GCC_WARN_UNUSED_VARIABLE = YES;
				IPHONEOS_DEPLOYMENT_TARGET = 12.2;
				MTL_ENABLE_DEBUG_INFO = INCLUDE_SOURCE;
				MTL_FAST_MATH = YES;
				ONLY_ACTIVE_ARCH = YES;
				SDKROOT = iphoneos;
				SWIFT_ACTIVE_COMPILATION_CONDITIONS = DEBUG;
				SWIFT_OPTIMIZATION_LEVEL = "-Onone";
			};
			name = Debug;
		};
		0389749422DA02EC006F9797 /* Release */ = {
			isa = XCBuildConfiguration;
			buildSettings = {
				ALWAYS_SEARCH_USER_PATHS = NO;
				CLANG_ANALYZER_NONNULL = YES;
				CLANG_ANALYZER_NUMBER_OBJECT_CONVERSION = YES_AGGRESSIVE;
				CLANG_CXX_LANGUAGE_STANDARD = "gnu++14";
				CLANG_CXX_LIBRARY = "libc++";
				CLANG_ENABLE_MODULES = YES;
				CLANG_ENABLE_OBJC_ARC = YES;
				CLANG_ENABLE_OBJC_WEAK = YES;
				CLANG_WARN_BLOCK_CAPTURE_AUTORELEASING = YES;
				CLANG_WARN_BOOL_CONVERSION = YES;
				CLANG_WARN_COMMA = YES;
				CLANG_WARN_CONSTANT_CONVERSION = YES;
				CLANG_WARN_DEPRECATED_OBJC_IMPLEMENTATIONS = YES;
				CLANG_WARN_DIRECT_OBJC_ISA_USAGE = YES_ERROR;
				CLANG_WARN_DOCUMENTATION_COMMENTS = YES;
				CLANG_WARN_EMPTY_BODY = YES;
				CLANG_WARN_ENUM_CONVERSION = YES;
				CLANG_WARN_INFINITE_RECURSION = YES;
				CLANG_WARN_INT_CONVERSION = YES;
				CLANG_WARN_NON_LITERAL_NULL_CONVERSION = YES;
				CLANG_WARN_OBJC_IMPLICIT_RETAIN_SELF = YES;
				CLANG_WARN_OBJC_LITERAL_CONVERSION = YES;
				CLANG_WARN_OBJC_ROOT_CLASS = YES_ERROR;
				CLANG_WARN_RANGE_LOOP_ANALYSIS = YES;
				CLANG_WARN_STRICT_PROTOTYPES = YES;
				CLANG_WARN_SUSPICIOUS_MOVE = YES;
				CLANG_WARN_UNGUARDED_AVAILABILITY = YES_AGGRESSIVE;
				CLANG_WARN_UNREACHABLE_CODE = YES;
				CLANG_WARN__DUPLICATE_METHOD_MATCH = YES;
				CODE_SIGN_IDENTITY = "iPhone Developer";
				COPY_PHASE_STRIP = NO;
				DEBUG_INFORMATION_FORMAT = "dwarf-with-dsym";
				ENABLE_NS_ASSERTIONS = NO;
				ENABLE_STRICT_OBJC_MSGSEND = YES;
				GCC_C_LANGUAGE_STANDARD = gnu11;
				GCC_NO_COMMON_BLOCKS = YES;
				GCC_WARN_64_TO_32_BIT_CONVERSION = YES;
				GCC_WARN_ABOUT_RETURN_TYPE = YES_ERROR;
				GCC_WARN_UNDECLARED_SELECTOR = YES;
				GCC_WARN_UNINITIALIZED_AUTOS = YES_AGGRESSIVE;
				GCC_WARN_UNUSED_FUNCTION = YES;
				GCC_WARN_UNUSED_VARIABLE = YES;
				IPHONEOS_DEPLOYMENT_TARGET = 12.2;
				MTL_ENABLE_DEBUG_INFO = NO;
				MTL_FAST_MATH = YES;
				SDKROOT = iphoneos;
				SWIFT_COMPILATION_MODE = wholemodule;
				SWIFT_OPTIMIZATION_LEVEL = "-O";
				VALIDATE_PRODUCT = YES;
			};
			name = Release;
		};
		0389749622DA02EC006F9797 /* Debug */ = {
			isa = XCBuildConfiguration;
			buildSettings = {
				ASSETCATALOG_COMPILER_APPICON_NAME = AppIcon;
				CODE_SIGN_STYLE = Automatic;
				INFOPLIST_FILE = firstApp/Info.plist;
				LD_RUNPATH_SEARCH_PATHS = (
					"$(inherited)",
					"@executable_path/Frameworks",
				);
				PRODUCT_BUNDLE_IDENTIFIER = jooce.firstApp;
				PRODUCT_NAME = "$(TARGET_NAME)";
				SWIFT_VERSION = 5.0;
				TARGETED_DEVICE_FAMILY = 1;
			};
			name = Debug;
		};
		0389749722DA02EC006F9797 /* Release */ = {
			isa = XCBuildConfiguration;
			buildSettings = {
				ASSETCATALOG_COMPILER_APPICON_NAME = AppIcon;
				CODE_SIGN_STYLE = Automatic;
				INFOPLIST_FILE = firstApp/Info.plist;
				LD_RUNPATH_SEARCH_PATHS = (
					"$(inherited)",
					"@executable_path/Frameworks",
				);
				PRODUCT_BUNDLE_IDENTIFIER = jooce.firstApp;
				PRODUCT_NAME = "$(TARGET_NAME)";
				SWIFT_VERSION = 5.0;
				TARGETED_DEVICE_FAMILY = 1;
			};
			name = Release;
		};
		0389749922DA02EC006F9797 /* Debug */ = {
			isa = XCBuildConfiguration;
			buildSettings = {
				ALWAYS_EMBED_SWIFT_STANDARD_LIBRARIES = YES;
				BUNDLE_LOADER = "$(TEST_HOST)";
				CODE_SIGN_STYLE = Automatic;
				INFOPLIST_FILE = firstAppTests/Info.plist;
				LD_RUNPATH_SEARCH_PATHS = (
					"$(inherited)",
					"@executable_path/Frameworks",
					"@loader_path/Frameworks",
				);
				PRODUCT_BUNDLE_IDENTIFIER = jooce.firstAppTests;
				PRODUCT_NAME = "$(TARGET_NAME)";
				SWIFT_VERSION = 5.0;
				TARGETED_DEVICE_FAMILY = "1,2";
				TEST_HOST = "$(BUILT_PRODUCTS_DIR)/firstApp.app/firstApp";
			};
			name = Debug;
		};
		0389749A22DA02EC006F9797 /* Release */ = {
			isa = XCBuildConfiguration;
			buildSettings = {
				ALWAYS_EMBED_SWIFT_STANDARD_LIBRARIES = YES;
				BUNDLE_LOADER = "$(TEST_HOST)";
				CODE_SIGN_STYLE = Automatic;
				INFOPLIST_FILE = firstAppTests/Info.plist;
				LD_RUNPATH_SEARCH_PATHS = (
					"$(inherited)",
					"@executable_path/Frameworks",
					"@loader_path/Frameworks",
				);
				PRODUCT_BUNDLE_IDENTIFIER = jooce.firstAppTests;
				PRODUCT_NAME = "$(TARGET_NAME)";
				SWIFT_VERSION = 5.0;
				TARGETED_DEVICE_FAMILY = "1,2";
				TEST_HOST = "$(BUILT_PRODUCTS_DIR)/firstApp.app/firstApp";
			};
			name = Release;
		};
		0389749C22DA02EC006F9797 /* Debug */ = {
			isa = XCBuildConfiguration;
			buildSettings = {
				ALWAYS_EMBED_SWIFT_STANDARD_LIBRARIES = YES;
				CODE_SIGN_STYLE = Automatic;
				INFOPLIST_FILE = firstAppUITests/Info.plist;
				LD_RUNPATH_SEARCH_PATHS = (
					"$(inherited)",
					"@executable_path/Frameworks",
					"@loader_path/Frameworks",
				);
				PRODUCT_BUNDLE_IDENTIFIER = jooce.firstAppUITests;
				PRODUCT_NAME = "$(TARGET_NAME)";
				SWIFT_VERSION = 5.0;
				TARGETED_DEVICE_FAMILY = "1,2";
				TEST_TARGET_NAME = firstApp;
			};
			name = Debug;
		};
		0389749D22DA02EC006F9797 /* Release */ = {
			isa = XCBuildConfiguration;
			buildSettings = {
				ALWAYS_EMBED_SWIFT_STANDARD_LIBRARIES = YES;
				CODE_SIGN_STYLE = Automatic;
				INFOPLIST_FILE = firstAppUITests/Info.plist;
				LD_RUNPATH_SEARCH_PATHS = (
					"$(inherited)",
					"@executable_path/Frameworks",
					"@loader_path/Frameworks",
				);
				PRODUCT_BUNDLE_IDENTIFIER = jooce.firstAppUITests;
				PRODUCT_NAME = "$(TARGET_NAME)";
				SWIFT_VERSION = 5.0;
				TARGETED_DEVICE_FAMILY = "1,2";
				TEST_TARGET_NAME = firstApp;
			};
			name = Release;
		};
/* End XCBuildConfiguration section */

/* Begin XCConfigurationList section */
		0389746822DA02EA006F9797 /* Build configuration list for PBXProject "firstApp" */ = {
			isa = XCConfigurationList;
			buildConfigurations = (
				0389749322DA02EC006F9797 /* Debug */,
				0389749422DA02EC006F9797 /* Release */,
			);
			defaultConfigurationIsVisible = 0;
			defaultConfigurationName = Release;
		};
		0389749522DA02EC006F9797 /* Build configuration list for PBXNativeTarget "firstApp" */ = {
			isa = XCConfigurationList;
			buildConfigurations = (
				0389749622DA02EC006F9797 /* Debug */,
				0389749722DA02EC006F9797 /* Release */,
			);
			defaultConfigurationIsVisible = 0;
			defaultConfigurationName = Release;
		};
		0389749822DA02EC006F9797 /* Build configuration list for PBXNativeTarget "firstAppTests" */ = {
			isa = XCConfigurationList;
			buildConfigurations = (
				0389749922DA02EC006F9797 /* Debug */,
				0389749A22DA02EC006F9797 /* Release */,
			);
			defaultConfigurationIsVisible = 0;
			defaultConfigurationName = Release;
		};
		0389749B22DA02EC006F9797 /* Build configuration list for PBXNativeTarget "firstAppUITests" */ = {
			isa = XCConfigurationList;
			buildConfigurations = (
				0389749C22DA02EC006F9797 /* Debug */,
				0389749D22DA02EC006F9797 /* Release */,
			);
			defaultConfigurationIsVisible = 0;
			defaultConfigurationName = Release;
		};
/* End XCConfigurationList section */
	};
	rootObject = 0389746522DA02EA006F9797 /* Project object */;
}
